
Microsoft Visual Studio Solution File, Format Version 12.00
# Visual Studio Version 16
VisualStudioVersion = 16.0.29215.179
MinimumVisualStudioVersion = 10.0.40219.1
Project("{2150E333-8FDC-42A3-9474-1A3956D46DE8}") = "Snippets", "Snippets", "{69C718B3-31BE-41DA-BA2B-0AB1A9AB3F13}"
	ProjectSection(SolutionItems) = preProject
		CommentSeperator.snippet = CommentSeperator.snippet
	EndProjectSection
EndProject
Project("{FAE04EC0-301F-11D3-BF4B-00C04F79EFBC}") = "Server", "Server\Server.csproj", "{18E2917A-246A-4B60-9437-07D000C47CD3}"
EndProject
Project("{FAE04EC0-301F-11D3-BF4B-00C04F79EFBC}") = "Client", "Client\Client.csproj", "{77012007-D18B-44B0-B67F-E07520CDA5ED}"
EndProject
Project("{FAE04EC0-301F-11D3-BF4B-00C04F79EFBC}") = "ClientGUI", "ClientGUI\ClientGUI.csproj", "{F83C70FA-191E-4655-BF76-B877E2407304}"
EndProject
Project("{FAE04EC0-301F-11D3-BF4B-00C04F79EFBC}") = "Server2", "Server2\Server2.csproj", "{E2D83E78-3CAD-43D5-AC0C-74B7C3EB4247}"
EndProject
Global
	GlobalSection(SolutionConfigurationPlatforms) = preSolution
		Debug|Any CPU = Debug|Any CPU
		Release|Any CPU = Release|Any CPU
	EndGlobalSection
	GlobalSection(ProjectConfigurationPlatforms) = postSolution
		{18E2917A-246A-4B60-9437-07D000C47CD3}.Debug|Any CPU.ActiveCfg = Debug|Any CPU
		{18E2917A-246A-4B60-9437-07D000C47CD3}.Debug|Any CPU.Build.0 = Debug|Any CPU
		{18E2917A-246A-4B60-9437-07D000C47CD3}.Release|Any CPU.ActiveCfg = Release|Any CPU
		{18E2917A-246A-4B60-9437-07D000C47CD3}.Release|Any CPU.Build.0 = Release|Any CPU
		{77012007-D18B-44B0-B67F-E07520CDA5ED}.Debug|Any CPU.ActiveCfg = Debug|Any CPU
		{77012007-D18B-44B0-B67F-E07520CDA5ED}.Debug|Any CPU.Build.0 = Debug|Any CPU
		{77012007-D18B-44B0-B67F-E07520CDA5ED}.Release|Any CPU.ActiveCfg = Release|Any CPU
		{77012007-D18B-44B0-B67F-E07520CDA5ED}.Release|Any CPU.Build.0 = Release|Any CPU
		{F83C70FA-191E-4655-BF76-B877E2407304}.Debug|Any CPU.ActiveCfg = Debug|Any CPU
		{F83C70FA-191E-4655-BF76-B877E2407304}.Debug|Any CPU.Build.0 = Debug|Any CPU
		{F83C70FA-191E-4655-BF76-B877E2407304}.Release|Any CPU.ActiveCfg = Release|Any CPU
		{F83C70FA-191E-4655-BF76-B877E2407304}.Release|Any CPU.Build.0 = Release|Any CPU
		{E2D83E78-3CAD-43D5-AC0C-74B7C3EB4247}.Debug|Any CPU.ActiveCfg = Debug|Any CPU
		{E2D83E78-3CAD-43D5-AC0C-74B7C3EB4247}.Debug|Any CPU.Build.0 = Debug|Any CPU
		{E2D83E78-3CAD-43D5-AC0C-74B7C3EB4247}.Release|Any CPU.ActiveCfg = Release|Any CPU
		{E2D83E78-3CAD-43D5-AC0C-74B7C3EB4247}.Release|Any CPU.Build.0 = Release|Any CPU
	EndGlobalSection
	GlobalSection(SolutionProperties) = preSolution
		HideSolutionNode = FALSE
	EndGlobalSection
	GlobalSection(ExtensibilityGlobals) = postSolution
		SolutionGuid = {790A9DF7-8DF7-4A06-8F9D-77EF48454F71}
	EndGlobalSection
EndGlobal
